
Microsoft Visual Studio Solution File, Format Version 12.00
# Visual Studio Version 17
VisualStudioVersion = 17.14.36915.13 d17.14
MinimumVisualStudioVersion = 10.0.40219.1
Project("{FAE04EC0-301F-11D3-BF4B-00C04F79EFBC}") = "Performance Assessment System", "Performance Assessment System\Performance Assessment System.csproj", "{2527E123-4A20-4FE5-A4D7-9726C10AC567}"
EndProject
Global
	GlobalSection(SolutionConfigurationPlatforms) = preSolution
		Debug|Any CPU = Debug|Any CPU
		Release|Any CPU = Release|Any CPU
	EndGlobalSection
	GlobalSection(ProjectConfigurationPlatforms) = postSolution
		{2527E123-4A20-4FE5-A4D7-9726C10AC567}.Debug|Any CPU.ActiveCfg = Debug|Any CPU
		{2527E123-4A20-4FE5-A4D7-9726C10AC567}.Debug|Any CPU.Build.0 = Debug|Any CPU
		{2527E123-4A20-4FE5-A4D7-9726C10AC567}.Release|Any CPU.ActiveCfg = Release|Any CPU
		{2527E123-4A20-4FE5-A4D7-9726C10AC567}.Release|Any CPU.Build.0 = Release|Any CPU
	EndGlobalSection
	GlobalSection(SolutionProperties) = preSolution
		HideSolutionNode = FALSE
	EndGlobalSection
	GlobalSection(ExtensibilityGlobals) = postSolution
		SolutionGuid = {0ABA3987-66C9-45DD-AD49-C72562881F07}
	EndGlobalSection
EndGlobal
